<?xml version="1.0" encoding="utf-8"?>
<Project ToolsVersion="12.0" xmlns="http://schemas.microsoft.com/developer/msbuild/2003">
  <ItemGroup>
    <Text Include="$(MSBuildThisFileDirectory)readme.txt" />
  </ItemGroup>
  <ItemGroup>
    <Filter Include="Header Files">
      <UniqueIdentifier>{41aaf06c-7943-485d-84c2-95e131f8fc4f}</UniqueIdentifier>
    </Filter>
    <Filter Include="Source Files">
      <UniqueIdentifier>{c5ed5720-2779-4ec7-b0d0-811af32fe58e}</UniqueIdentifier>
    </Filter>
    <Filter Include="Header Files\Periphericals">
      <UniqueIdentifier>{488b2567-75c8-4975-ad9c-be7ddbe2d1f6}</UniqueIdentifier>
    </Filter>
    <Filter Include="Source Files\Periphericals">
      <UniqueIdentifier>{1c72a128-22c2-4df5-8174-8587d02a8a70}</UniqueIdentifier>
    </Filter>
  </ItemGroup>
  <ItemGroup>
    <ClInclude Include="$(MSBuildThisFileDirectory)DistanceMeter.h" />
    <ClInclude Include="$(MSBuildThisFileDirectory)Peripherical.cpp" />
    <ClInclude Include="$(MSBuildThisFileDirectory)Peripherical.h" />
    <ClInclude Include="$(MSBuildThisFileDirectory)RainDetector.h" />
    <ClInclude Include="$(MSBuildThisFileDirectory)Relay.h" />
  </ItemGroup>
  <ItemGroup>
    <ClCompile Include="$(MSBuildThisFileDirectory)DistanceMeter.cpp" />
    <ClCompile Include="$(MSBuildThisFileDirectory)RainDetector.cpp" />
    <ClCompile Include="$(MSBuildThisFileDirectory)Relay.cpp" />
  </ItemGroup>
</Project>